
Microsoft Visual Studio Solution File, Format Version 12.00
# Visual Studio Version 16
VisualStudioVersion = 16.0.29306.81
MinimumVisualStudioVersion = 10.0.40219.1
Project("{9A19103F-16F7-4668-BE54-9A1E7A4F7556}") = "Luna.Net.DDNS.Aliyun", "Luna.Net.DDNS.Aliyun.csproj", "{74D8F112-C79D-4733-8A13-BE99CAF66289}"
EndProject
Project("{FAE04EC0-301F-11D3-BF4B-00C04F79EFBC}") = "Luna.Net.DDNS.AliyunTests", "..\Luna.Net.DDNS.AliyunTests\Luna.Net.DDNS.AliyunTests.csproj", "{47E142C6-95C6-4CE0-B8E8-2C2AFD40BD9E}"
EndProject
Global
	GlobalSection(SolutionConfigurationPlatforms) = preSolution
		Debug|Any CPU = Debug|Any CPU
		Release|Any CPU = Release|Any CPU
	EndGlobalSection
	GlobalSection(ProjectConfigurationPlatforms) = postSolution
		{74D8F112-C79D-4733-8A13-BE99CAF66289}.Debug|Any CPU.ActiveCfg = Debug|Any CPU
		{74D8F112-C79D-4733-8A13-BE99CAF66289}.Debug|Any CPU.Build.0 = Debug|Any CPU
		{74D8F112-C79D-4733-8A13-BE99CAF66289}.Release|Any CPU.ActiveCfg = Release|Any CPU
		{74D8F112-C79D-4733-8A13-BE99CAF66289}.Release|Any CPU.Build.0 = Release|Any CPU
		{47E142C6-95C6-4CE0-B8E8-2C2AFD40BD9E}.Debug|Any CPU.ActiveCfg = Debug|Any CPU
		{47E142C6-95C6-4CE0-B8E8-2C2AFD40BD9E}.Debug|Any CPU.Build.0 = Debug|Any CPU
		{47E142C6-95C6-4CE0-B8E8-2C2AFD40BD9E}.Release|Any CPU.ActiveCfg = Release|Any CPU
		{47E142C6-95C6-4CE0-B8E8-2C2AFD40BD9E}.Release|Any CPU.Build.0 = Release|Any CPU
	EndGlobalSection
	GlobalSection(SolutionProperties) = preSolution
		HideSolutionNode = FALSE
	EndGlobalSection
	GlobalSection(ExtensibilityGlobals) = postSolution
		SolutionGuid = {B658855F-585D-4118-9350-8A91DA1888D0}
	EndGlobalSection
EndGlobal
